// !$*UTF8*$!
{
	archiveVersion = 1;
	classes = {
	};
	objectVersion = 55;
	objects = {

/* Begin PBXBuildFile section */
		C7387884280EE87600327C38 /* HTTPClient.swift in Sources */ = {isa = PBXBuildFile; fileRef = C7387883280EE87600327C38 /* HTTPClient.swift */; };
		C7387886280EE89900327C38 /* FeedItemsMapper.swift in Sources */ = {isa = PBXBuildFile; fileRef = C7387885280EE89900327C38 /* FeedItemsMapper.swift */; };
		C73A4BC028167A4900F07DF0 /* LocalFeedLoader.swift in Sources */ = {isa = PBXBuildFile; fileRef = C73A4BBF28167A4900F07DF0 /* LocalFeedLoader.swift */; };
		C73A4BC228167AB800F07DF0 /* FeedStore.swift in Sources */ = {isa = PBXBuildFile; fileRef = C73A4BC128167AB800F07DF0 /* FeedStore.swift */; };
		C76B956A28899AFA006E8982 /* LoadFeedFromCacheUseCaseTests.swift in Sources */ = {isa = PBXBuildFile; fileRef = C76B956928899AFA006E8982 /* LoadFeedFromCacheUseCaseTests.swift */; };
		C76B956D28899D6D006E8982 /* FeedStoreSpy.swift in Sources */ = {isa = PBXBuildFile; fileRef = C76B956C28899D6D006E8982 /* FeedStoreSpy.swift */; };
		C773138B28153CF700C3D612 /* CacheFeedUseCaseTests.swift in Sources */ = {isa = PBXBuildFile; fileRef = C773138A28153CF700C3D612 /* CacheFeedUseCaseTests.swift */; };
		C7B8F22B2817D7DF00BAB50B /* RemoteFeedItem.swift in Sources */ = {isa = PBXBuildFile; fileRef = C7B8F22A2817D7DF00BAB50B /* RemoteFeedItem.swift */; };
		C7B8F22D2817D83300BAB50B /* LocalFeedImage.swift in Sources */ = {isa = PBXBuildFile; fileRef = C7B8F22C2817D83300BAB50B /* LocalFeedImage.swift */; };
		C7E46B3E280AE52A00E7B26E /* EssentialFeed.framework in Frameworks */ = {isa = PBXBuildFile; fileRef = C7E46B35280AE52A00E7B26E /* EssentialFeed.framework */; };
		C7E46B4F280AE78300E7B26E /* FeedItem.swift in Sources */ = {isa = PBXBuildFile; fileRef = C7E46B4E280AE78300E7B26E /* FeedItem.swift */; };
		C7E46B51280AE79000E7B26E /* FeedLoader.swift in Sources */ = {isa = PBXBuildFile; fileRef = C7E46B50280AE79000E7B26E /* FeedLoader.swift */; };
		C7E46B53280E926600E7B26E /* LoadFeedFromRemoteUseCaseTests.swift in Sources */ = {isa = PBXBuildFile; fileRef = C7E46B52280E926600E7B26E /* LoadFeedFromRemoteUseCaseTests.swift */; };
		C7E46B57280EA27300E7B26E /* RemoteFeedLoader.swift in Sources */ = {isa = PBXBuildFile; fileRef = C7E46B56280EA27300E7B26E /* RemoteFeedLoader.swift */; };
		C7F2686A28100A6700EA1B02 /* URLSessionHTTPCientTests.swift in Sources */ = {isa = PBXBuildFile; fileRef = C7F2686928100A6700EA1B02 /* URLSessionHTTPCientTests.swift */; };
		C7F2686D2810339100EA1B02 /* XCTestCase+MemoryLeakTracking.swift in Sources */ = {isa = PBXBuildFile; fileRef = C7F2686C2810339100EA1B02 /* XCTestCase+MemoryLeakTracking.swift */; };
		C7F2686F2810454700EA1B02 /* URLSessionHTTPClient.swift in Sources */ = {isa = PBXBuildFile; fileRef = C7F2686E2810454700EA1B02 /* URLSessionHTTPClient.swift */; };
		C7F2687728104D2500EA1B02 /* EssentialFeedAPIEndToEndTests.swift in Sources */ = {isa = PBXBuildFile; fileRef = C7F2687628104D2500EA1B02 /* EssentialFeedAPIEndToEndTests.swift */; };
		C7F2687828104D2500EA1B02 /* EssentialFeed.framework in Frameworks */ = {isa = PBXBuildFile; fileRef = C7E46B35280AE52A00E7B26E /* EssentialFeed.framework */; };
		C7F2687E2810520500EA1B02 /* XCTestCase+MemoryLeakTracking.swift in Sources */ = {isa = PBXBuildFile; fileRef = C7F2686C2810339100EA1B02 /* XCTestCase+MemoryLeakTracking.swift */; };
/* End PBXBuildFile section */

/* Begin PBXContainerItemProxy section */
		C7E46B3F280AE52A00E7B26E /* PBXContainerItemProxy */ = {
			isa = PBXContainerItemProxy;
			containerPortal = C7E46B2C280AE52A00E7B26E /* Project object */;
			proxyType = 1;
			remoteGlobalIDString = C7E46B34280AE52A00E7B26E;
			remoteInfo = EssentialFeed;
		};
		C7F2687928104D2500EA1B02 /* PBXContainerItemProxy */ = {
			isa = PBXContainerItemProxy;
			containerPortal = C7E46B2C280AE52A00E7B26E /* Project object */;
			proxyType = 1;
			remoteGlobalIDString = C7E46B34280AE52A00E7B26E;
			remoteInfo = EssentialFeed;
		};
/* End PBXContainerItemProxy section */

/* Begin PBXFileReference section */
		C7387883280EE87600327C38 /* HTTPClient.swift */ = {isa = PBXFileReference; lastKnownFileType = sourcecode.swift; path = HTTPClient.swift; sourceTree = "<group>"; };
		C7387885280EE89900327C38 /* FeedItemsMapper.swift */ = {isa = PBXFileReference; lastKnownFileType = sourcecode.swift; path = FeedItemsMapper.swift; sourceTree = "<group>"; };
		C73A4BBF28167A4900F07DF0 /* LocalFeedLoader.swift */ = {isa = PBXFileReference; lastKnownFileType = sourcecode.swift; path = LocalFeedLoader.swift; sourceTree = "<group>"; };
		C73A4BC128167AB800F07DF0 /* FeedStore.swift */ = {isa = PBXFileReference; lastKnownFileType = sourcecode.swift; path = FeedStore.swift; sourceTree = "<group>"; };
		C76B956928899AFA006E8982 /* LoadFeedFromCacheUseCaseTests.swift */ = {isa = PBXFileReference; lastKnownFileType = sourcecode.swift; path = LoadFeedFromCacheUseCaseTests.swift; sourceTree = "<group>"; };
		C76B956C28899D6D006E8982 /* FeedStoreSpy.swift */ = {isa = PBXFileReference; lastKnownFileType = sourcecode.swift; path = FeedStoreSpy.swift; sourceTree = "<group>"; };
		C773138A28153CF700C3D612 /* CacheFeedUseCaseTests.swift */ = {isa = PBXFileReference; lastKnownFileType = sourcecode.swift; path = CacheFeedUseCaseTests.swift; sourceTree = "<group>"; };
		C7B8F22A2817D7DF00BAB50B /* RemoteFeedItem.swift */ = {isa = PBXFileReference; lastKnownFileType = sourcecode.swift; path = RemoteFeedItem.swift; sourceTree = "<group>"; };
		C7B8F22C2817D83300BAB50B /* LocalFeedImage.swift */ = {isa = PBXFileReference; lastKnownFileType = sourcecode.swift; path = LocalFeedImage.swift; sourceTree = "<group>"; };
		C7E46B35280AE52A00E7B26E /* EssentialFeed.framework */ = {isa = PBXFileReference; explicitFileType = wrapper.framework; includeInIndex = 0; path = EssentialFeed.framework; sourceTree = BUILT_PRODUCTS_DIR; };
		C7E46B3D280AE52A00E7B26E /* EssentialFeedTests.xctest */ = {isa = PBXFileReference; explicitFileType = wrapper.cfbundle; includeInIndex = 0; path = EssentialFeedTests.xctest; sourceTree = BUILT_PRODUCTS_DIR; };
		C7E46B4E280AE78300E7B26E /* FeedItem.swift */ = {isa = PBXFileReference; lastKnownFileType = sourcecode.swift; path = FeedItem.swift; sourceTree = "<group>"; };
		C7E46B50280AE79000E7B26E /* FeedLoader.swift */ = {isa = PBXFileReference; lastKnownFileType = sourcecode.swift; path = FeedLoader.swift; sourceTree = "<group>"; };
		C7E46B52280E926600E7B26E /* LoadFeedFromRemoteUseCaseTests.swift */ = {isa = PBXFileReference; lastKnownFileType = sourcecode.swift; path = LoadFeedFromRemoteUseCaseTests.swift; sourceTree = "<group>"; };
		C7E46B56280EA27300E7B26E /* RemoteFeedLoader.swift */ = {isa = PBXFileReference; lastKnownFileType = sourcecode.swift; path = RemoteFeedLoader.swift; sourceTree = "<group>"; };
		C7F2686928100A6700EA1B02 /* URLSessionHTTPCientTests.swift */ = {isa = PBXFileReference; lastKnownFileType = sourcecode.swift; path = URLSessionHTTPCientTests.swift; sourceTree = "<group>"; };
		C7F2686C2810339100EA1B02 /* XCTestCase+MemoryLeakTracking.swift */ = {isa = PBXFileReference; lastKnownFileType = sourcecode.swift; path = "XCTestCase+MemoryLeakTracking.swift"; sourceTree = "<group>"; };
		C7F2686E2810454700EA1B02 /* URLSessionHTTPClient.swift */ = {isa = PBXFileReference; lastKnownFileType = sourcecode.swift; path = URLSessionHTTPClient.swift; sourceTree = "<group>"; };
		C7F2687428104D2400EA1B02 /* EssentialFeedAPIEndToEndTests.xctest */ = {isa = PBXFileReference; explicitFileType = wrapper.cfbundle; includeInIndex = 0; path = EssentialFeedAPIEndToEndTests.xctest; sourceTree = BUILT_PRODUCTS_DIR; };
		C7F2687628104D2500EA1B02 /* EssentialFeedAPIEndToEndTests.swift */ = {isa = PBXFileReference; lastKnownFileType = sourcecode.swift; path = EssentialFeedAPIEndToEndTests.swift; sourceTree = "<group>"; };
/* End PBXFileReference section */

/* Begin PBXFrameworksBuildPhase section */
		C7E46B32280AE52A00E7B26E /* Frameworks */ = {
			isa = PBXFrameworksBuildPhase;
			buildActionMask = 2147483647;
			files = (
			);
			runOnlyForDeploymentPostprocessing = 0;
		};
		C7E46B3A280AE52A00E7B26E /* Frameworks */ = {
			isa = PBXFrameworksBuildPhase;
			buildActionMask = 2147483647;
			files = (
				C7E46B3E280AE52A00E7B26E /* EssentialFeed.framework in Frameworks */,
			);
			runOnlyForDeploymentPostprocessing = 0;
		};
		C7F2687128104D2400EA1B02 /* Frameworks */ = {
			isa = PBXFrameworksBuildPhase;
			buildActionMask = 2147483647;
			files = (
				C7F2687828104D2500EA1B02 /* EssentialFeed.framework in Frameworks */,
			);
			runOnlyForDeploymentPostprocessing = 0;
		};
/* End PBXFrameworksBuildPhase section */

/* Begin PBXGroup section */
		C7387887280EF35D00327C38 /* Feed API */ = {
			isa = PBXGroup;
			children = (
				C7E46B52280E926600E7B26E /* LoadFeedFromRemoteUseCaseTests.swift */,
				C7F2686928100A6700EA1B02 /* URLSessionHTTPCientTests.swift */,
			);
			path = "Feed API";
			sourceTree = "<group>";
		};
		C73A4BBE28167A3400F07DF0 /* Feed Cache */ = {
			isa = PBXGroup;
			children = (
				C73A4BBF28167A4900F07DF0 /* LocalFeedLoader.swift */,
				C73A4BC128167AB800F07DF0 /* FeedStore.swift */,
				C7B8F22C2817D83300BAB50B /* LocalFeedImage.swift */,
			);
			path = "Feed Cache";
			sourceTree = "<group>";
		};
		C76B956B28899D64006E8982 /* Helpers */ = {
			isa = PBXGroup;
			children = (
				C76B956C28899D6D006E8982 /* FeedStoreSpy.swift */,
			);
			path = Helpers;
			sourceTree = "<group>";
		};
		C773138C28153D2000C3D612 /* Feed Cache */ = {
			isa = PBXGroup;
			children = (
				C76B956B28899D64006E8982 /* Helpers */,
				C773138A28153CF700C3D612 /* CacheFeedUseCaseTests.swift */,
				C76B956928899AFA006E8982 /* LoadFeedFromCacheUseCaseTests.swift */,
			);
			path = "Feed Cache";
			sourceTree = "<group>";
		};
		C7E46B2B280AE52A00E7B26E = {
			isa = PBXGroup;
			children = (
				C7E46B37280AE52A00E7B26E /* EssentialFeed */,
				C7E46B41280AE52A00E7B26E /* EssentialFeedTests */,
				C7F2687528104D2500EA1B02 /* EssentialFeedAPIEndToEndTests */,
				C7E46B36280AE52A00E7B26E /* Products */,
			);
			sourceTree = "<group>";
		};
		C7E46B36280AE52A00E7B26E /* Products */ = {
			isa = PBXGroup;
			children = (
				C7E46B35280AE52A00E7B26E /* EssentialFeed.framework */,
				C7E46B3D280AE52A00E7B26E /* EssentialFeedTests.xctest */,
				C7F2687428104D2400EA1B02 /* EssentialFeedAPIEndToEndTests.xctest */,
			);
			name = Products;
			sourceTree = "<group>";
		};
		C7E46B37280AE52A00E7B26E /* EssentialFeed */ = {
			isa = PBXGroup;
			children = (
				C73A4BBE28167A3400F07DF0 /* Feed Cache */,
				C7E46B55280EA25F00E7B26E /* Feed API */,
				C7E46B4D280AE76A00E7B26E /* Feed Feature */,
			);
			path = EssentialFeed;
			sourceTree = "<group>";
		};
		C7E46B41280AE52A00E7B26E /* EssentialFeedTests */ = {
			isa = PBXGroup;
			children = (
				C7F2686B2810336000EA1B02 /* Helpers */,
				C773138C28153D2000C3D612 /* Feed Cache */,
				C7387887280EF35D00327C38 /* Feed API */,
			);
			path = EssentialFeedTests;
			sourceTree = "<group>";
		};
		C7E46B4D280AE76A00E7B26E /* Feed Feature */ = {
			isa = PBXGroup;
			children = (
				C7E46B4E280AE78300E7B26E /* FeedItem.swift */,
				C7E46B50280AE79000E7B26E /* FeedLoader.swift */,
			);
			path = "Feed Feature";
			sourceTree = "<group>";
		};
		C7E46B55280EA25F00E7B26E /* Feed API */ = {
			isa = PBXGroup;
			children = (
				C7387885280EE89900327C38 /* FeedItemsMapper.swift */,
				C7387883280EE87600327C38 /* HTTPClient.swift */,
				C7B8F22A2817D7DF00BAB50B /* RemoteFeedItem.swift */,
				C7E46B56280EA27300E7B26E /* RemoteFeedLoader.swift */,
				C7F2686E2810454700EA1B02 /* URLSessionHTTPClient.swift */,
			);
			path = "Feed API";
			sourceTree = "<group>";
		};
		C7F2686B2810336000EA1B02 /* Helpers */ = {
			isa = PBXGroup;
			children = (
				C7F2686C2810339100EA1B02 /* XCTestCase+MemoryLeakTracking.swift */,
			);
			path = Helpers;
			sourceTree = "<group>";
		};
		C7F2687528104D2500EA1B02 /* EssentialFeedAPIEndToEndTests */ = {
			isa = PBXGroup;
			children = (
				C7F2687628104D2500EA1B02 /* EssentialFeedAPIEndToEndTests.swift */,
			);
			path = EssentialFeedAPIEndToEndTests;
			sourceTree = "<group>";
		};
/* End PBXGroup section */

/* Begin PBXHeadersBuildPhase section */
		C7E46B30280AE52A00E7B26E /* Headers */ = {
			isa = PBXHeadersBuildPhase;
			buildActionMask = 2147483647;
			files = (
			);
			runOnlyForDeploymentPostprocessing = 0;
		};
/* End PBXHeadersBuildPhase section */

/* Begin PBXNativeTarget section */
		C7E46B34280AE52A00E7B26E /* EssentialFeed */ = {
			isa = PBXNativeTarget;
			buildConfigurationList = C7E46B47280AE52A00E7B26E /* Build configuration list for PBXNativeTarget "EssentialFeed" */;
			buildPhases = (
				C7E46B30280AE52A00E7B26E /* Headers */,
				C7E46B31280AE52A00E7B26E /* Sources */,
				C7E46B32280AE52A00E7B26E /* Frameworks */,
				C7E46B33280AE52A00E7B26E /* Resources */,
			);
			buildRules = (
			);
			dependencies = (
			);
			name = EssentialFeed;
			productName = EssentialFeed;
			productReference = C7E46B35280AE52A00E7B26E /* EssentialFeed.framework */;
			productType = "com.apple.product-type.framework";
		};
		C7E46B3C280AE52A00E7B26E /* EssentialFeedTests */ = {
			isa = PBXNativeTarget;
			buildConfigurationList = C7E46B4A280AE52A00E7B26E /* Build configuration list for PBXNativeTarget "EssentialFeedTests" */;
			buildPhases = (
				C7E46B39280AE52A00E7B26E /* Sources */,
				C7E46B3A280AE52A00E7B26E /* Frameworks */,
				C7E46B3B280AE52A00E7B26E /* Resources */,
			);
			buildRules = (
			);
			dependencies = (
				C7E46B40280AE52A00E7B26E /* PBXTargetDependency */,
			);
			name = EssentialFeedTests;
			productName = EssentialFeedTests;
			productReference = C7E46B3D280AE52A00E7B26E /* EssentialFeedTests.xctest */;
			productType = "com.apple.product-type.bundle.unit-test";
		};
		C7F2687328104D2400EA1B02 /* EssentialFeedAPIEndToEndTests */ = {
			isa = PBXNativeTarget;
			buildConfigurationList = C7F2687B28104D2500EA1B02 /* Build configuration list for PBXNativeTarget "EssentialFeedAPIEndToEndTests" */;
			buildPhases = (
				C7F2687028104D2400EA1B02 /* Sources */,
				C7F2687128104D2400EA1B02 /* Frameworks */,
				C7F2687228104D2400EA1B02 /* Resources */,
			);
			buildRules = (
			);
			dependencies = (
				C7F2687A28104D2500EA1B02 /* PBXTargetDependency */,
			);
			name = EssentialFeedAPIEndToEndTests;
			productName = EssentialFeedAPIEndToEndTests;
			productReference = C7F2687428104D2400EA1B02 /* EssentialFeedAPIEndToEndTests.xctest */;
			productType = "com.apple.product-type.bundle.unit-test";
		};
/* End PBXNativeTarget section */

/* Begin PBXProject section */
		C7E46B2C280AE52A00E7B26E /* Project object */ = {
			isa = PBXProject;
			attributes = {
				BuildIndependentTargetsInParallel = 1;
				LastSwiftUpdateCheck = 1320;
				LastUpgradeCheck = 1400;
				TargetAttributes = {
					C7E46B34280AE52A00E7B26E = {
						CreatedOnToolsVersion = 13.2.1;
						LastSwiftMigration = 1320;
					};
					C7E46B3C280AE52A00E7B26E = {
						CreatedOnToolsVersion = 13.2.1;
					};
					C7F2687328104D2400EA1B02 = {
						CreatedOnToolsVersion = 13.2.1;
					};
				};
			};
			buildConfigurationList = C7E46B2F280AE52A00E7B26E /* Build configuration list for PBXProject "EssentialFeed" */;
			compatibilityVersion = "Xcode 13.0";
			developmentRegion = en;
			hasScannedForEncodings = 0;
			knownRegions = (
				en,
				Base,
			);
			mainGroup = C7E46B2B280AE52A00E7B26E;
			productRefGroup = C7E46B36280AE52A00E7B26E /* Products */;
			projectDirPath = "";
			projectRoot = "";
			targets = (
				C7E46B34280AE52A00E7B26E /* EssentialFeed */,
				C7E46B3C280AE52A00E7B26E /* EssentialFeedTests */,
				C7F2687328104D2400EA1B02 /* EssentialFeedAPIEndToEndTests */,
			);
		};
/* End PBXProject section */

/* Begin PBXResourcesBuildPhase section */
		C7E46B33280AE52A00E7B26E /* Resources */ = {
			isa = PBXResourcesBuildPhase;
			buildActionMask = 2147483647;
			files = (
			);
			runOnlyForDeploymentPostprocessing = 0;
		};
		C7E46B3B280AE52A00E7B26E /* Resources */ = {
			isa = PBXResourcesBuildPhase;
			buildActionMask = 2147483647;
			files = (
			);
			runOnlyForDeploymentPostprocessing = 0;
		};
		C7F2687228104D2400EA1B02 /* Resources */ = {
			isa = PBXResourcesBuildPhase;
			buildActionMask = 2147483647;
			files = (
			);
			runOnlyForDeploymentPostprocessing = 0;
		};
/* End PBXResourcesBuildPhase section */

/* Begin PBXSourcesBuildPhase section */
		C7E46B31280AE52A00E7B26E /* Sources */ = {
			isa = PBXSourcesBuildPhase;
			buildActionMask = 2147483647;
			files = (
				C7387886280EE89900327C38 /* FeedItemsMapper.swift in Sources */,
				C7E46B51280AE79000E7B26E /* FeedLoader.swift in Sources */,
				C7B8F22B2817D7DF00BAB50B /* RemoteFeedItem.swift in Sources */,
				C7E46B57280EA27300E7B26E /* RemoteFeedLoader.swift in Sources */,
				C7B8F22D2817D83300BAB50B /* LocalFeedImage.swift in Sources */,
				C73A4BC228167AB800F07DF0 /* FeedStore.swift in Sources */,
				C73A4BC028167A4900F07DF0 /* LocalFeedLoader.swift in Sources */,
				C7387884280EE87600327C38 /* HTTPClient.swift in Sources */,
				C7E46B4F280AE78300E7B26E /* FeedItem.swift in Sources */,
				C7F2686F2810454700EA1B02 /* URLSessionHTTPClient.swift in Sources */,
			);
			runOnlyForDeploymentPostprocessing = 0;
		};
		C7E46B39280AE52A00E7B26E /* Sources */ = {
			isa = PBXSourcesBuildPhase;
			buildActionMask = 2147483647;
			files = (
				C7F2686A28100A6700EA1B02 /* URLSessionHTTPCientTests.swift in Sources */,
				C7E46B53280E926600E7B26E /* LoadFeedFromRemoteUseCaseTests.swift in Sources */,
				C76B956D28899D6D006E8982 /* FeedStoreSpy.swift in Sources */,
				C773138B28153CF700C3D612 /* CacheFeedUseCaseTests.swift in Sources */,
				C76B956A28899AFA006E8982 /* LoadFeedFromCacheUseCaseTests.swift in Sources */,
				C7F2686D2810339100EA1B02 /* XCTestCase+MemoryLeakTracking.swift in Sources */,
			);
			runOnlyForDeploymentPostprocessing = 0;
		};
		C7F2687028104D2400EA1B02 /* Sources */ = {
			isa = PBXSourcesBuildPhase;
			buildActionMask = 2147483647;
			files = (
				C7F2687728104D2500EA1B02 /* EssentialFeedAPIEndToEndTests.swift in Sources */,
				C7F2687E2810520500EA1B02 /* XCTestCase+MemoryLeakTracking.swift in Sources */,
			);
			runOnlyForDeploymentPostprocessing = 0;
		};
/* End PBXSourcesBuildPhase section */

/* Begin PBXTargetDependency section */
		C7E46B40280AE52A00E7B26E /* PBXTargetDependency */ = {
			isa = PBXTargetDependency;
			target = C7E46B34280AE52A00E7B26E /* EssentialFeed */;
			targetProxy = C7E46B3F280AE52A00E7B26E /* PBXContainerItemProxy */;
		};
		C7F2687A28104D2500EA1B02 /* PBXTargetDependency */ = {
			isa = PBXTargetDependency;
			target = C7E46B34280AE52A00E7B26E /* EssentialFeed */;
			targetProxy = C7F2687928104D2500EA1B02 /* PBXContainerItemProxy */;
		};
/* End PBXTargetDependency section */

/* Begin XCBuildConfiguration section */
		C7E46B45280AE52A00E7B26E /* Debug */ = {
			isa = XCBuildConfiguration;
			buildSettings = {
				ALWAYS_SEARCH_USER_PATHS = NO;
				CLANG_ANALYZER_NONNULL = YES;
				CLANG_ANALYZER_NUMBER_OBJECT_CONVERSION = YES_AGGRESSIVE;
				CLANG_CXX_LANGUAGE_STANDARD = "gnu++17";
				CLANG_CXX_LIBRARY = "libc++";
				CLANG_ENABLE_MODULES = YES;
				CLANG_ENABLE_OBJC_ARC = YES;
				CLANG_ENABLE_OBJC_WEAK = YES;
				CLANG_WARN_BLOCK_CAPTURE_AUTORELEASING = YES;
				CLANG_WARN_BOOL_CONVERSION = YES;
				CLANG_WARN_COMMA = YES;
				CLANG_WARN_CONSTANT_CONVERSION = YES;
				CLANG_WARN_DEPRECATED_OBJC_IMPLEMENTATIONS = YES;
				CLANG_WARN_DIRECT_OBJC_ISA_USAGE = YES_ERROR;
				CLANG_WARN_DOCUMENTATION_COMMENTS = YES;
				CLANG_WARN_EMPTY_BODY = YES;
				CLANG_WARN_ENUM_CONVERSION = YES;
				CLANG_WARN_INFINITE_RECURSION = YES;
				CLANG_WARN_INT_CONVERSION = YES;
				CLANG_WARN_NON_LITERAL_NULL_CONVERSION = YES;
				CLANG_WARN_OBJC_IMPLICIT_RETAIN_SELF = YES;
				CLANG_WARN_OBJC_LITERAL_CONVERSION = YES;
				CLANG_WARN_OBJC_ROOT_CLASS = YES_ERROR;
				CLANG_WARN_QUOTED_INCLUDE_IN_FRAMEWORK_HEADER = YES;
				CLANG_WARN_RANGE_LOOP_ANALYSIS = YES;
				CLANG_WARN_STRICT_PROTOTYPES = YES;
				CLANG_WARN_SUSPICIOUS_MOVE = YES;
				CLANG_WARN_UNGUARDED_AVAILABILITY = YES_AGGRESSIVE;
				CLANG_WARN_UNREACHABLE_CODE = YES;
				CLANG_WARN__DUPLICATE_METHOD_MATCH = YES;
				COPY_PHASE_STRIP = NO;
				CURRENT_PROJECT_VERSION = 1;
				DEAD_CODE_STRIPPING = YES;
				DEBUG_INFORMATION_FORMAT = dwarf;
				ENABLE_STRICT_OBJC_MSGSEND = YES;
				ENABLE_TESTABILITY = YES;
				GCC_C_LANGUAGE_STANDARD = gnu11;
				GCC_DYNAMIC_NO_PIC = NO;
				GCC_NO_COMMON_BLOCKS = YES;
				GCC_OPTIMIZATION_LEVEL = 0;
				GCC_PREPROCESSOR_DEFINITIONS = (
					"DEBUG=1",
					"$(inherited)",
				);
				GCC_WARN_64_TO_32_BIT_CONVERSION = YES;
				GCC_WARN_ABOUT_RETURN_TYPE = YES_ERROR;
				GCC_WARN_UNDECLARED_SELECTOR = YES;
				GCC_WARN_UNINITIALIZED_AUTOS = YES_AGGRESSIVE;
				GCC_WARN_UNUSED_FUNCTION = YES;
				GCC_WARN_UNUSED_VARIABLE = YES;
				MACOSX_DEPLOYMENT_TARGET = 12.1;
				MTL_ENABLE_DEBUG_INFO = INCLUDE_SOURCE;
				MTL_FAST_MATH = YES;
				ONLY_ACTIVE_ARCH = YES;
				SDKROOT = macosx;
				SWIFT_ACTIVE_COMPILATION_CONDITIONS = DEBUG;
				SWIFT_OPTIMIZATION_LEVEL = "-Onone";
				VERSIONING_SYSTEM = "apple-generic";
				VERSION_INFO_PREFIX = "";
			};
			name = Debug;
		};
		C7E46B46280AE52A00E7B26E /* Release */ = {
			isa = XCBuildConfiguration;
			buildSettings = {
				ALWAYS_SEARCH_USER_PATHS = NO;
				CLANG_ANALYZER_NONNULL = YES;
				CLANG_ANALYZER_NUMBER_OBJECT_CONVERSION = YES_AGGRESSIVE;
				CLANG_CXX_LANGUAGE_STANDARD = "gnu++17";
				CLANG_CXX_LIBRARY = "libc++";
				CLANG_ENABLE_MODULES = YES;
				CLANG_ENABLE_OBJC_ARC = YES;
				CLANG_ENABLE_OBJC_WEAK = YES;
				CLANG_WARN_BLOCK_CAPTURE_AUTORELEASING = YES;
				CLANG_WARN_BOOL_CONVERSION = YES;
				CLANG_WARN_COMMA = YES;
				CLANG_WARN_CONSTANT_CONVERSION = YES;
				CLANG_WARN_DEPRECATED_OBJC_IMPLEMENTATIONS = YES;
				CLANG_WARN_DIRECT_OBJC_ISA_USAGE = YES_ERROR;
				CLANG_WARN_DOCUMENTATION_COMMENTS = YES;
				CLANG_WARN_EMPTY_BODY = YES;
				CLANG_WARN_ENUM_CONVERSION = YES;
				CLANG_WARN_INFINITE_RECURSION = YES;
				CLANG_WARN_INT_CONVERSION = YES;
				CLANG_WARN_NON_LITERAL_NULL_CONVERSION = YES;
				CLANG_WARN_OBJC_IMPLICIT_RETAIN_SELF = YES;
				CLANG_WARN_OBJC_LITERAL_CONVERSION = YES;
				CLANG_WARN_OBJC_ROOT_CLASS = YES_ERROR;
				CLANG_WARN_QUOTED_INCLUDE_IN_FRAMEWORK_HEADER = YES;
				CLANG_WARN_RANGE_LOOP_ANALYSIS = YES;
				CLANG_WARN_STRICT_PROTOTYPES = YES;
				CLANG_WARN_SUSPICIOUS_MOVE = YES;
				CLANG_WARN_UNGUARDED_AVAILABILITY = YES_AGGRESSIVE;
				CLANG_WARN_UNREACHABLE_CODE = YES;
				CLANG_WARN__DUPLICATE_METHOD_MATCH = YES;
				COPY_PHASE_STRIP = NO;
				CURRENT_PROJECT_VERSION = 1;
				DEAD_CODE_STRIPPING = YES;
				DEBUG_INFORMATION_FORMAT = "dwarf-with-dsym";
				ENABLE_NS_ASSERTIONS = NO;
				ENABLE_STRICT_OBJC_MSGSEND = YES;
				GCC_C_LANGUAGE_STANDARD = gnu11;
				GCC_NO_COMMON_BLOCKS = YES;
				GCC_WARN_64_TO_32_BIT_CONVERSION = YES;
				GCC_WARN_ABOUT_RETURN_TYPE = YES_ERROR;
				GCC_WARN_UNDECLARED_SELECTOR = YES;
				GCC_WARN_UNINITIALIZED_AUTOS = YES_AGGRESSIVE;
				GCC_WARN_UNUSED_FUNCTION = YES;
				GCC_WARN_UNUSED_VARIABLE = YES;
				MACOSX_DEPLOYMENT_TARGET = 12.1;
				MTL_ENABLE_DEBUG_INFO = NO;
				MTL_FAST_MATH = YES;
				SDKROOT = macosx;
				SWIFT_COMPILATION_MODE = wholemodule;
				SWIFT_OPTIMIZATION_LEVEL = "-O";
				VERSIONING_SYSTEM = "apple-generic";
				VERSION_INFO_PREFIX = "";
			};
			name = Release;
		};
		C7E46B48280AE52A00E7B26E /* Debug */ = {
			isa = XCBuildConfiguration;
			buildSettings = {
				CLANG_ENABLE_MODULES = YES;
				CODE_SIGN_STYLE = Automatic;
				COMBINE_HIDPI_IMAGES = YES;
				CURRENT_PROJECT_VERSION = 1;
				DEAD_CODE_STRIPPING = YES;
				DEFINES_MODULE = YES;
				DEVELOPMENT_TEAM = N6JXNCSA5P;
				DYLIB_COMPATIBILITY_VERSION = 1;
				DYLIB_CURRENT_VERSION = 1;
				DYLIB_INSTALL_NAME_BASE = "@rpath";
				GENERATE_INFOPLIST_FILE = YES;
				INFOPLIST_KEY_NSHumanReadableCopyright = "";
				INSTALL_PATH = "$(LOCAL_LIBRARY_DIR)/Frameworks";
				LD_RUNPATH_SEARCH_PATHS = (
					"$(inherited)",
					"@executable_path/../Frameworks",
					"@loader_path/Frameworks",
				);
				MARKETING_VERSION = 1.0;
				PRODUCT_BUNDLE_IDENTIFIER = lt.klimovas.EssentialFeed;
				PRODUCT_NAME = "$(TARGET_NAME:c99extidentifier)";
				SKIP_INSTALL = YES;
				SWIFT_EMIT_LOC_STRINGS = YES;
				SWIFT_OPTIMIZATION_LEVEL = "-Onone";
				SWIFT_VERSION = 5.0;
			};
			name = Debug;
		};
		C7E46B49280AE52A00E7B26E /* Release */ = {
			isa = XCBuildConfiguration;
			buildSettings = {
				CLANG_ENABLE_MODULES = YES;
				CODE_SIGN_STYLE = Automatic;
				COMBINE_HIDPI_IMAGES = YES;
				CURRENT_PROJECT_VERSION = 1;
				DEAD_CODE_STRIPPING = YES;
				DEFINES_MODULE = YES;
				DEVELOPMENT_TEAM = N6JXNCSA5P;
				DYLIB_COMPATIBILITY_VERSION = 1;
				DYLIB_CURRENT_VERSION = 1;
				DYLIB_INSTALL_NAME_BASE = "@rpath";
				GENERATE_INFOPLIST_FILE = YES;
				INFOPLIST_KEY_NSHumanReadableCopyright = "";
				INSTALL_PATH = "$(LOCAL_LIBRARY_DIR)/Frameworks";
				LD_RUNPATH_SEARCH_PATHS = (
					"$(inherited)",
					"@executable_path/../Frameworks",
					"@loader_path/Frameworks",
				);
				MARKETING_VERSION = 1.0;
				PRODUCT_BUNDLE_IDENTIFIER = lt.klimovas.EssentialFeed;
				PRODUCT_NAME = "$(TARGET_NAME:c99extidentifier)";
				SKIP_INSTALL = YES;
				SWIFT_EMIT_LOC_STRINGS = YES;
				SWIFT_VERSION = 5.0;
			};
			name = Release;
		};
		C7E46B4B280AE52A00E7B26E /* Debug */ = {
			isa = XCBuildConfiguration;
			buildSettings = {
				ALWAYS_EMBED_SWIFT_STANDARD_LIBRARIES = YES;
				CODE_SIGN_STYLE = Automatic;
				CURRENT_PROJECT_VERSION = 1;
				DEAD_CODE_STRIPPING = YES;
				DEVELOPMENT_TEAM = N6JXNCSA5P;
				GENERATE_INFOPLIST_FILE = YES;
				MARKETING_VERSION = 1.0;
				PRODUCT_BUNDLE_IDENTIFIER = lt.klimovas.EssentialFeedTests;
				PRODUCT_NAME = "$(TARGET_NAME)";
				SWIFT_EMIT_LOC_STRINGS = NO;
				SWIFT_VERSION = 5.0;
			};
			name = Debug;
		};
		C7E46B4C280AE52A00E7B26E /* Release */ = {
			isa = XCBuildConfiguration;
			buildSettings = {
				ALWAYS_EMBED_SWIFT_STANDARD_LIBRARIES = YES;
				CODE_SIGN_STYLE = Automatic;
				CURRENT_PROJECT_VERSION = 1;
				DEAD_CODE_STRIPPING = YES;
				DEVELOPMENT_TEAM = N6JXNCSA5P;
				GENERATE_INFOPLIST_FILE = YES;
				MARKETING_VERSION = 1.0;
				PRODUCT_BUNDLE_IDENTIFIER = lt.klimovas.EssentialFeedTests;
				PRODUCT_NAME = "$(TARGET_NAME)";
				SWIFT_EMIT_LOC_STRINGS = NO;
				SWIFT_VERSION = 5.0;
			};
			name = Release;
		};
		C7F2687C28104D2500EA1B02 /* Debug */ = {
			isa = XCBuildConfiguration;
			buildSettings = {
				CODE_SIGN_STYLE = Automatic;
				CURRENT_PROJECT_VERSION = 1;
				DEAD_CODE_STRIPPING = YES;
				DEVELOPMENT_TEAM = N6JXNCSA5P;
				GENERATE_INFOPLIST_FILE = YES;
				MARKETING_VERSION = 1.0;
				PRODUCT_BUNDLE_IDENTIFIER = lt.klimovas.EssentialFeedAPIEndToEndTests;
				PRODUCT_NAME = "$(TARGET_NAME)";
				SWIFT_EMIT_LOC_STRINGS = NO;
				SWIFT_VERSION = 5.0;
			};
			name = Debug;
		};
		C7F2687D28104D2500EA1B02 /* Release */ = {
			isa = XCBuildConfiguration;
			buildSettings = {
				CODE_SIGN_STYLE = Automatic;
				CURRENT_PROJECT_VERSION = 1;
				DEAD_CODE_STRIPPING = YES;
				DEVELOPMENT_TEAM = N6JXNCSA5P;
				GENERATE_INFOPLIST_FILE = YES;
				MARKETING_VERSION = 1.0;
				PRODUCT_BUNDLE_IDENTIFIER = lt.klimovas.EssentialFeedAPIEndToEndTests;
				PRODUCT_NAME = "$(TARGET_NAME)";
				SWIFT_EMIT_LOC_STRINGS = NO;
				SWIFT_VERSION = 5.0;
			};
			name = Release;
		};
/* End XCBuildConfiguration section */

/* Begin XCConfigurationList section */
		C7E46B2F280AE52A00E7B26E /* Build configuration list for PBXProject "EssentialFeed" */ = {
			isa = XCConfigurationList;
			buildConfigurations = (
				C7E46B45280AE52A00E7B26E /* Debug */,
				C7E46B46280AE52A00E7B26E /* Release */,
			);
			defaultConfigurationIsVisible = 0;
			defaultConfigurationName = Release;
		};
		C7E46B47280AE52A00E7B26E /* Build configuration list for PBXNativeTarget "EssentialFeed" */ = {
			isa = XCConfigurationList;
			buildConfigurations = (
				C7E46B48280AE52A00E7B26E /* Debug */,
				C7E46B49280AE52A00E7B26E /* Release */,
			);
			defaultConfigurationIsVisible = 0;
			defaultConfigurationName = Release;
		};
		C7E46B4A280AE52A00E7B26E /* Build configuration list for PBXNativeTarget "EssentialFeedTests" */ = {
			isa = XCConfigurationList;
			buildConfigurations = (
				C7E46B4B280AE52A00E7B26E /* Debug */,
				C7E46B4C280AE52A00E7B26E /* Release */,
			);
			defaultConfigurationIsVisible = 0;
			defaultConfigurationName = Release;
		};
		C7F2687B28104D2500EA1B02 /* Build configuration list for PBXNativeTarget "EssentialFeedAPIEndToEndTests" */ = {
			isa = XCConfigurationList;
			buildConfigurations = (
				C7F2687C28104D2500EA1B02 /* Debug */,
				C7F2687D28104D2500EA1B02 /* Release */,
			);
			defaultConfigurationIsVisible = 0;
			defaultConfigurationName = Release;
		};
/* End XCConfigurationList section */
	};
	rootObject = C7E46B2C280AE52A00E7B26E /* Project object */;
}
