// !$*UTF8*$!
{
	archiveVersion = 1;
	classes = {
	};
	objectVersion = 56;
	objects = {

/* Begin PBXBuildFile section */
		C72BDE4428DAF02500B6FEC8 /* AppDelegate.swift in Sources */ = {isa = PBXBuildFile; fileRef = C72BDE4328DAF02500B6FEC8 /* AppDelegate.swift */; };
		C72BDE4628DAF02500B6FEC8 /* SceneDelegate.swift in Sources */ = {isa = PBXBuildFile; fileRef = C72BDE4528DAF02500B6FEC8 /* SceneDelegate.swift */; };
		C72BDE4828DAF02500B6FEC8 /* ViewController.swift in Sources */ = {isa = PBXBuildFile; fileRef = C72BDE4728DAF02500B6FEC8 /* ViewController.swift */; };
		C72BDE4D28DAF02500B6FEC8 /* Assets.xcassets in Resources */ = {isa = PBXBuildFile; fileRef = C72BDE4C28DAF02500B6FEC8 /* Assets.xcassets */; };
		C72BDE5028DAF02500B6FEC8 /* LaunchScreen.storyboard in Resources */ = {isa = PBXBuildFile; fileRef = C72BDE4E28DAF02500B6FEC8 /* LaunchScreen.storyboard */; };
		C72BDE7628DAF6B400B6FEC8 /* EssentialFeed.framework in Frameworks */ = {isa = PBXBuildFile; fileRef = C72BDE7428DAF6B400B6FEC8 /* EssentialFeed.framework */; };
		C72BDE7728DAF6B400B6FEC8 /* EssentialFeed.framework in Embed Frameworks */ = {isa = PBXBuildFile; fileRef = C72BDE7428DAF6B400B6FEC8 /* EssentialFeed.framework */; settings = {ATTRIBUTES = (CodeSignOnCopy, RemoveHeadersOnCopy, ); }; };
		C72BDE7828DAF6B400B6FEC8 /* EssentialFeediOS.framework in Frameworks */ = {isa = PBXBuildFile; fileRef = C72BDE7528DAF6B400B6FEC8 /* EssentialFeediOS.framework */; };
		C72BDE7928DAF6B400B6FEC8 /* EssentialFeediOS.framework in Embed Frameworks */ = {isa = PBXBuildFile; fileRef = C72BDE7528DAF6B400B6FEC8 /* EssentialFeediOS.framework */; settings = {ATTRIBUTES = (CodeSignOnCopy, RemoveHeadersOnCopy, ); }; };
		C72BDE8528DB23EF00B6FEC8 /* XCTestCase+MemoryLeakTracking.swift in Sources */ = {isa = PBXBuildFile; fileRef = C72BDE8428DB23EF00B6FEC8 /* XCTestCase+MemoryLeakTracking.swift */; };
		C72BDE8728DB242500B6FEC8 /* SharedTestHelpers.swift in Sources */ = {isa = PBXBuildFile; fileRef = C72BDE8628DB242500B6FEC8 /* SharedTestHelpers.swift */; };
		C7405E1828EFEE6D0043CB1C /* CommentsUIIntegrationTests.swift in Sources */ = {isa = PBXBuildFile; fileRef = C7405E1728EFEE6D0043CB1C /* CommentsUIIntegrationTests.swift */; };
		C7405E1A28EFEEDB0043CB1C /* CommentsUIComposer.swift in Sources */ = {isa = PBXBuildFile; fileRef = C7405E1928EFEEDB0043CB1C /* CommentsUIComposer.swift */; };
		C7A2BFAC28E2DC5F00F3F24E /* UIView+TestHelpers.swift in Sources */ = {isa = PBXBuildFile; fileRef = C7A2BFAB28E2DC5F00F3F24E /* UIView+TestHelpers.swift */; };
		C7B6EAD629571ADE00B5D78F /* CombineHelpers.swift in Sources */ = {isa = PBXBuildFile; fileRef = C7B6EAD529571ADE00B5D78F /* CombineHelpers.swift */; };
		C7B6EAD829572A1200B5D78F /* LoadResourcePresentationAdapter.swift in Sources */ = {isa = PBXBuildFile; fileRef = C7B6EAD729572A1200B5D78F /* LoadResourcePresentationAdapter.swift */; };
		C7F9771828DEEE7300C87F62 /* SceneDelegateTests.swift in Sources */ = {isa = PBXBuildFile; fileRef = C7F9771728DEEE7300C87F62 /* SceneDelegateTests.swift */; };
		C7F9773728DEF06400C87F62 /* FeedUIComposer.swift in Sources */ = {isa = PBXBuildFile; fileRef = C7F9773328DEF06400C87F62 /* FeedUIComposer.swift */; };
		C7F9773828DEF06400C87F62 /* FeedImageDataLoaderPresentationAdapter.swift in Sources */ = {isa = PBXBuildFile; fileRef = C7F9773128DEF06400C87F62 /* FeedImageDataLoaderPresentationAdapter.swift */; };
		C7F9773A28DEF06400C87F62 /* FeedViewAdapter.swift in Sources */ = {isa = PBXBuildFile; fileRef = C7F9773428DEF06400C87F62 /* FeedViewAdapter.swift */; };
		C7F9773C28DEF06400C87F62 /* WeakRefVirtualProxy.swift in Sources */ = {isa = PBXBuildFile; fileRef = C7F9773528DEF06400C87F62 /* WeakRefVirtualProxy.swift */; };
		C7F9774728DEF08B00C87F62 /* UIControl+TestHelpers.swift in Sources */ = {isa = PBXBuildFile; fileRef = C7F9774028DEF08B00C87F62 /* UIControl+TestHelpers.swift */; };
		C7F9774828DEF08B00C87F62 /* ListViewController+TestHelpers.swift in Sources */ = {isa = PBXBuildFile; fileRef = C7F9773E28DEF08A00C87F62 /* ListViewController+TestHelpers.swift */; };
		C7F9774928DEF08B00C87F62 /* FeedUIIntegrationTests+Assertions.swift in Sources */ = {isa = PBXBuildFile; fileRef = C7F9773D28DEF08A00C87F62 /* FeedUIIntegrationTests+Assertions.swift */; };
		C7F9774A28DEF08B00C87F62 /* UIImage+TestHelpers.swift in Sources */ = {isa = PBXBuildFile; fileRef = C7F9774128DEF08B00C87F62 /* UIImage+TestHelpers.swift */; };
		C7F9774B28DEF08B00C87F62 /* FeedImageCell+TestHelpers.swift in Sources */ = {isa = PBXBuildFile; fileRef = C7F9773F28DEF08B00C87F62 /* FeedImageCell+TestHelpers.swift */; };
		C7F9774C28DEF08B00C87F62 /* FeedUIIntegrationTests+LoaderSpy.swift in Sources */ = {isa = PBXBuildFile; fileRef = C7F9774428DEF08B00C87F62 /* FeedUIIntegrationTests+LoaderSpy.swift */; };
		C7F9774D28DEF08B00C87F62 /* UIRefreshControl+TestHelpers.swift in Sources */ = {isa = PBXBuildFile; fileRef = C7F9774228DEF08B00C87F62 /* UIRefreshControl+TestHelpers.swift */; };
		C7F9774E28DEF08B00C87F62 /* UIButton+TestHelpers.swift in Sources */ = {isa = PBXBuildFile; fileRef = C7F9774528DEF08B00C87F62 /* UIButton+TestHelpers.swift */; };
		C7F9775028DEF0C400C87F62 /* FeedUIIntegrationTests.swift in Sources */ = {isa = PBXBuildFile; fileRef = C7F9774F28DEF0C400C87F62 /* FeedUIIntegrationTests.swift */; };
		C7F9775228DEF40600C87F62 /* FeedAcceptanceTests.swift in Sources */ = {isa = PBXBuildFile; fileRef = C7F9775128DEF40600C87F62 /* FeedAcceptanceTests.swift */; };
		C7F9775428DF033E00C87F62 /* HTTPClientStub.swift in Sources */ = {isa = PBXBuildFile; fileRef = C7F9775328DF033D00C87F62 /* HTTPClientStub.swift */; };
		C7F9775628DF03C300C87F62 /* InMemoryFeedStore.swift in Sources */ = {isa = PBXBuildFile; fileRef = C7F9775528DF03C300C87F62 /* InMemoryFeedStore.swift */; };
/* End PBXBuildFile section */

/* Begin PBXContainerItemProxy section */
		C72BDE5728DAF02500B6FEC8 /* PBXContainerItemProxy */ = {
			isa = PBXContainerItemProxy;
			containerPortal = C72BDE3828DAF02400B6FEC8 /* Project object */;
			proxyType = 1;
			remoteGlobalIDString = C72BDE3F28DAF02500B6FEC8;
			remoteInfo = EssentialApp;
		};
/* End PBXContainerItemProxy section */

/* Begin PBXCopyFilesBuildPhase section */
		C72BDE7A28DAF6B400B6FEC8 /* Embed Frameworks */ = {
			isa = PBXCopyFilesBuildPhase;
			buildActionMask = 2147483647;
			dstPath = "";
			dstSubfolderSpec = 10;
			files = (
				C72BDE7728DAF6B400B6FEC8 /* EssentialFeed.framework in Embed Frameworks */,
				C72BDE7928DAF6B400B6FEC8 /* EssentialFeediOS.framework in Embed Frameworks */,
			);
			name = "Embed Frameworks";
			runOnlyForDeploymentPostprocessing = 0;
		};
/* End PBXCopyFilesBuildPhase section */

/* Begin PBXFileReference section */
		C72BDE4028DAF02500B6FEC8 /* EssentialApp.app */ = {isa = PBXFileReference; explicitFileType = wrapper.application; includeInIndex = 0; path = EssentialApp.app; sourceTree = BUILT_PRODUCTS_DIR; };
		C72BDE4328DAF02500B6FEC8 /* AppDelegate.swift */ = {isa = PBXFileReference; lastKnownFileType = sourcecode.swift; path = AppDelegate.swift; sourceTree = "<group>"; };
		C72BDE4528DAF02500B6FEC8 /* SceneDelegate.swift */ = {isa = PBXFileReference; lastKnownFileType = sourcecode.swift; path = SceneDelegate.swift; sourceTree = "<group>"; };
		C72BDE4728DAF02500B6FEC8 /* ViewController.swift */ = {isa = PBXFileReference; lastKnownFileType = sourcecode.swift; path = ViewController.swift; sourceTree = "<group>"; };
		C72BDE4C28DAF02500B6FEC8 /* Assets.xcassets */ = {isa = PBXFileReference; lastKnownFileType = folder.assetcatalog; path = Assets.xcassets; sourceTree = "<group>"; };
		C72BDE4F28DAF02500B6FEC8 /* Base */ = {isa = PBXFileReference; lastKnownFileType = file.storyboard; name = Base; path = Base.lproj/LaunchScreen.storyboard; sourceTree = "<group>"; };
		C72BDE5128DAF02500B6FEC8 /* Info.plist */ = {isa = PBXFileReference; lastKnownFileType = text.plist.xml; path = Info.plist; sourceTree = "<group>"; };
		C72BDE5628DAF02500B6FEC8 /* EssentialAppTests.xctest */ = {isa = PBXFileReference; explicitFileType = wrapper.cfbundle; includeInIndex = 0; path = EssentialAppTests.xctest; sourceTree = BUILT_PRODUCTS_DIR; };
		C72BDE7428DAF6B400B6FEC8 /* EssentialFeed.framework */ = {isa = PBXFileReference; explicitFileType = wrapper.framework; path = EssentialFeed.framework; sourceTree = BUILT_PRODUCTS_DIR; };
		C72BDE7528DAF6B400B6FEC8 /* EssentialFeediOS.framework */ = {isa = PBXFileReference; explicitFileType = wrapper.framework; path = EssentialFeediOS.framework; sourceTree = BUILT_PRODUCTS_DIR; };
		C72BDE8428DB23EF00B6FEC8 /* XCTestCase+MemoryLeakTracking.swift */ = {isa = PBXFileReference; lastKnownFileType = sourcecode.swift; path = "XCTestCase+MemoryLeakTracking.swift"; sourceTree = "<group>"; };
		C72BDE8628DB242500B6FEC8 /* SharedTestHelpers.swift */ = {isa = PBXFileReference; lastKnownFileType = sourcecode.swift; path = SharedTestHelpers.swift; sourceTree = "<group>"; };
		C7405E1728EFEE6D0043CB1C /* CommentsUIIntegrationTests.swift */ = {isa = PBXFileReference; lastKnownFileType = sourcecode.swift; path = CommentsUIIntegrationTests.swift; sourceTree = "<group>"; };
		C7405E1928EFEEDB0043CB1C /* CommentsUIComposer.swift */ = {isa = PBXFileReference; lastKnownFileType = sourcecode.swift; path = CommentsUIComposer.swift; sourceTree = "<group>"; };
		C7A2BFAB28E2DC5F00F3F24E /* UIView+TestHelpers.swift */ = {isa = PBXFileReference; lastKnownFileType = sourcecode.swift; path = "UIView+TestHelpers.swift"; sourceTree = "<group>"; };
		C7B6EAD529571ADE00B5D78F /* CombineHelpers.swift */ = {isa = PBXFileReference; lastKnownFileType = sourcecode.swift; path = CombineHelpers.swift; sourceTree = "<group>"; };
		C7B6EAD729572A1200B5D78F /* LoadResourcePresentationAdapter.swift */ = {isa = PBXFileReference; lastKnownFileType = sourcecode.swift; path = LoadResourcePresentationAdapter.swift; sourceTree = "<group>"; };
		C7F9771728DEEE7300C87F62 /* SceneDelegateTests.swift */ = {isa = PBXFileReference; lastKnownFileType = sourcecode.swift; path = SceneDelegateTests.swift; sourceTree = "<group>"; };
		C7F9773128DEF06400C87F62 /* FeedImageDataLoaderPresentationAdapter.swift */ = {isa = PBXFileReference; lastKnownFileType = sourcecode.swift; path = FeedImageDataLoaderPresentationAdapter.swift; sourceTree = "<group>"; };
		C7F9773328DEF06400C87F62 /* FeedUIComposer.swift */ = {isa = PBXFileReference; lastKnownFileType = sourcecode.swift; path = FeedUIComposer.swift; sourceTree = "<group>"; };
		C7F9773428DEF06400C87F62 /* FeedViewAdapter.swift */ = {isa = PBXFileReference; lastKnownFileType = sourcecode.swift; path = FeedViewAdapter.swift; sourceTree = "<group>"; };
		C7F9773528DEF06400C87F62 /* WeakRefVirtualProxy.swift */ = {isa = PBXFileReference; lastKnownFileType = sourcecode.swift; path = WeakRefVirtualProxy.swift; sourceTree = "<group>"; };
		C7F9773D28DEF08A00C87F62 /* FeedUIIntegrationTests+Assertions.swift */ = {isa = PBXFileReference; lastKnownFileType = sourcecode.swift; path = "FeedUIIntegrationTests+Assertions.swift"; sourceTree = "<group>"; };
		C7F9773E28DEF08A00C87F62 /* ListViewController+TestHelpers.swift */ = {isa = PBXFileReference; lastKnownFileType = sourcecode.swift; path = "ListViewController+TestHelpers.swift"; sourceTree = "<group>"; };
		C7F9773F28DEF08B00C87F62 /* FeedImageCell+TestHelpers.swift */ = {isa = PBXFileReference; lastKnownFileType = sourcecode.swift; path = "FeedImageCell+TestHelpers.swift"; sourceTree = "<group>"; };
		C7F9774028DEF08B00C87F62 /* UIControl+TestHelpers.swift */ = {isa = PBXFileReference; lastKnownFileType = sourcecode.swift; path = "UIControl+TestHelpers.swift"; sourceTree = "<group>"; };
		C7F9774128DEF08B00C87F62 /* UIImage+TestHelpers.swift */ = {isa = PBXFileReference; lastKnownFileType = sourcecode.swift; path = "UIImage+TestHelpers.swift"; sourceTree = "<group>"; };
		C7F9774228DEF08B00C87F62 /* UIRefreshControl+TestHelpers.swift */ = {isa = PBXFileReference; lastKnownFileType = sourcecode.swift; path = "UIRefreshControl+TestHelpers.swift"; sourceTree = "<group>"; };
		C7F9774428DEF08B00C87F62 /* FeedUIIntegrationTests+LoaderSpy.swift */ = {isa = PBXFileReference; lastKnownFileType = sourcecode.swift; path = "FeedUIIntegrationTests+LoaderSpy.swift"; sourceTree = "<group>"; };
		C7F9774528DEF08B00C87F62 /* UIButton+TestHelpers.swift */ = {isa = PBXFileReference; lastKnownFileType = sourcecode.swift; path = "UIButton+TestHelpers.swift"; sourceTree = "<group>"; };
		C7F9774F28DEF0C400C87F62 /* FeedUIIntegrationTests.swift */ = {isa = PBXFileReference; lastKnownFileType = sourcecode.swift; path = FeedUIIntegrationTests.swift; sourceTree = "<group>"; };
		C7F9775128DEF40600C87F62 /* FeedAcceptanceTests.swift */ = {isa = PBXFileReference; lastKnownFileType = sourcecode.swift; path = FeedAcceptanceTests.swift; sourceTree = "<group>"; };
		C7F9775328DF033D00C87F62 /* HTTPClientStub.swift */ = {isa = PBXFileReference; lastKnownFileType = sourcecode.swift; path = HTTPClientStub.swift; sourceTree = "<group>"; };
		C7F9775528DF03C300C87F62 /* InMemoryFeedStore.swift */ = {isa = PBXFileReference; lastKnownFileType = sourcecode.swift; path = InMemoryFeedStore.swift; sourceTree = "<group>"; };
/* End PBXFileReference section */

/* Begin PBXFrameworksBuildPhase section */
		C72BDE3D28DAF02500B6FEC8 /* Frameworks */ = {
			isa = PBXFrameworksBuildPhase;
			buildActionMask = 2147483647;
			files = (
				C72BDE7628DAF6B400B6FEC8 /* EssentialFeed.framework in Frameworks */,
				C72BDE7828DAF6B400B6FEC8 /* EssentialFeediOS.framework in Frameworks */,
			);
			runOnlyForDeploymentPostprocessing = 0;
		};
		C72BDE5328DAF02500B6FEC8 /* Frameworks */ = {
			isa = PBXFrameworksBuildPhase;
			buildActionMask = 2147483647;
			files = (
			);
			runOnlyForDeploymentPostprocessing = 0;
		};
/* End PBXFrameworksBuildPhase section */

/* Begin PBXGroup section */
		C72BDE3728DAF02400B6FEC8 = {
			isa = PBXGroup;
			children = (
				C72BDE4228DAF02500B6FEC8 /* EssentialApp */,
				C72BDE5928DAF02500B6FEC8 /* EssentialAppTests */,
				C72BDE4128DAF02500B6FEC8 /* Products */,
				C72BDE7328DAF6B400B6FEC8 /* Frameworks */,
			);
			sourceTree = "<group>";
		};
		C72BDE4128DAF02500B6FEC8 /* Products */ = {
			isa = PBXGroup;
			children = (
				C72BDE4028DAF02500B6FEC8 /* EssentialApp.app */,
				C72BDE5628DAF02500B6FEC8 /* EssentialAppTests.xctest */,
			);
			name = Products;
			sourceTree = "<group>";
		};
		C72BDE4228DAF02500B6FEC8 /* EssentialApp */ = {
			isa = PBXGroup;
			children = (
				C7B6EAD529571ADE00B5D78F /* CombineHelpers.swift */,
				C7405E1928EFEEDB0043CB1C /* CommentsUIComposer.swift */,
				C7F9773328DEF06400C87F62 /* FeedUIComposer.swift */,
				C7F9773528DEF06400C87F62 /* WeakRefVirtualProxy.swift */,
				C7F9773128DEF06400C87F62 /* FeedImageDataLoaderPresentationAdapter.swift */,
				C7F9773428DEF06400C87F62 /* FeedViewAdapter.swift */,
				C72BDE4328DAF02500B6FEC8 /* AppDelegate.swift */,
				C72BDE4528DAF02500B6FEC8 /* SceneDelegate.swift */,
				C72BDE4728DAF02500B6FEC8 /* ViewController.swift */,
				C72BDE4C28DAF02500B6FEC8 /* Assets.xcassets */,
				C72BDE4E28DAF02500B6FEC8 /* LaunchScreen.storyboard */,
				C72BDE5128DAF02500B6FEC8 /* Info.plist */,
				C7B6EAD729572A1200B5D78F /* LoadResourcePresentationAdapter.swift */,
			);
			path = EssentialApp;
			sourceTree = "<group>";
		};
		C72BDE5928DAF02500B6FEC8 /* EssentialAppTests */ = {
			isa = PBXGroup;
			children = (
				C72BDE8328DB23EA00B6FEC8 /* Helpers */,
				C7405E1728EFEE6D0043CB1C /* CommentsUIIntegrationTests.swift */,
				C7F9775128DEF40600C87F62 /* FeedAcceptanceTests.swift */,
				C7F9774F28DEF0C400C87F62 /* FeedUIIntegrationTests.swift */,
				C7F9771728DEEE7300C87F62 /* SceneDelegateTests.swift */,
			);
			path = EssentialAppTests;
			sourceTree = "<group>";
		};
		C72BDE7328DAF6B400B6FEC8 /* Frameworks */ = {
			isa = PBXGroup;
			children = (
				C72BDE7428DAF6B400B6FEC8 /* EssentialFeed.framework */,
				C72BDE7528DAF6B400B6FEC8 /* EssentialFeediOS.framework */,
			);
			name = Frameworks;
			sourceTree = "<group>";
		};
		C72BDE8328DB23EA00B6FEC8 /* Helpers */ = {
			isa = PBXGroup;
			children = (
				C7F9773F28DEF08B00C87F62 /* FeedImageCell+TestHelpers.swift */,
				C7F9773D28DEF08A00C87F62 /* FeedUIIntegrationTests+Assertions.swift */,
				C7F9774428DEF08B00C87F62 /* FeedUIIntegrationTests+LoaderSpy.swift */,
				C7F9773E28DEF08A00C87F62 /* ListViewController+TestHelpers.swift */,
				C7F9775328DF033D00C87F62 /* HTTPClientStub.swift */,
				C7F9775528DF03C300C87F62 /* InMemoryFeedStore.swift */,
				C72BDE8628DB242500B6FEC8 /* SharedTestHelpers.swift */,
				C7F9774528DEF08B00C87F62 /* UIButton+TestHelpers.swift */,
				C7F9774028DEF08B00C87F62 /* UIControl+TestHelpers.swift */,
				C7F9774128DEF08B00C87F62 /* UIImage+TestHelpers.swift */,
				C7F9774228DEF08B00C87F62 /* UIRefreshControl+TestHelpers.swift */,
				C7A2BFAB28E2DC5F00F3F24E /* UIView+TestHelpers.swift */,
				C72BDE8428DB23EF00B6FEC8 /* XCTestCase+MemoryLeakTracking.swift */,
			);
			path = Helpers;
			sourceTree = "<group>";
		};
/* End PBXGroup section */

/* Begin PBXNativeTarget section */
		C72BDE3F28DAF02500B6FEC8 /* EssentialApp */ = {
			isa = PBXNativeTarget;
			buildConfigurationList = C72BDE6A28DAF02500B6FEC8 /* Build configuration list for PBXNativeTarget "EssentialApp" */;
			buildPhases = (
				C72BDE3C28DAF02500B6FEC8 /* Sources */,
				C72BDE3D28DAF02500B6FEC8 /* Frameworks */,
				C72BDE3E28DAF02500B6FEC8 /* Resources */,
				C72BDE7A28DAF6B400B6FEC8 /* Embed Frameworks */,
			);
			buildRules = (
			);
			dependencies = (
			);
			name = EssentialApp;
			productName = EssentialApp;
			productReference = C72BDE4028DAF02500B6FEC8 /* EssentialApp.app */;
			productType = "com.apple.product-type.application";
		};
		C72BDE5528DAF02500B6FEC8 /* EssentialAppTests */ = {
			isa = PBXNativeTarget;
			buildConfigurationList = C72BDE6D28DAF02500B6FEC8 /* Build configuration list for PBXNativeTarget "EssentialAppTests" */;
			buildPhases = (
				C72BDE5228DAF02500B6FEC8 /* Sources */,
				C72BDE5328DAF02500B6FEC8 /* Frameworks */,
				C72BDE5428DAF02500B6FEC8 /* Resources */,
			);
			buildRules = (
			);
			dependencies = (
				C72BDE5828DAF02500B6FEC8 /* PBXTargetDependency */,
			);
			name = EssentialAppTests;
			productName = EssentialAppTests;
			productReference = C72BDE5628DAF02500B6FEC8 /* EssentialAppTests.xctest */;
			productType = "com.apple.product-type.bundle.unit-test";
		};
/* End PBXNativeTarget section */

/* Begin PBXProject section */
		C72BDE3828DAF02400B6FEC8 /* Project object */ = {
			isa = PBXProject;
			attributes = {
				BuildIndependentTargetsInParallel = 1;
				LastSwiftUpdateCheck = 1410;
				LastUpgradeCheck = 1410;
				TargetAttributes = {
					C72BDE3F28DAF02500B6FEC8 = {
						CreatedOnToolsVersion = 14.1;
					};
					C72BDE5528DAF02500B6FEC8 = {
						CreatedOnToolsVersion = 14.1;
						LastSwiftMigration = 1410;
						TestTargetID = C72BDE3F28DAF02500B6FEC8;
					};
				};
			};
			buildConfigurationList = C72BDE3B28DAF02400B6FEC8 /* Build configuration list for PBXProject "EssentialApp" */;
			compatibilityVersion = "Xcode 14.0";
			developmentRegion = en;
			hasScannedForEncodings = 0;
			knownRegions = (
				en,
				Base,
			);
			mainGroup = C72BDE3728DAF02400B6FEC8;
			productRefGroup = C72BDE4128DAF02500B6FEC8 /* Products */;
			projectDirPath = "";
			projectRoot = "";
			targets = (
				C72BDE3F28DAF02500B6FEC8 /* EssentialApp */,
				C72BDE5528DAF02500B6FEC8 /* EssentialAppTests */,
			);
		};
/* End PBXProject section */

/* Begin PBXResourcesBuildPhase section */
		C72BDE3E28DAF02500B6FEC8 /* Resources */ = {
			isa = PBXResourcesBuildPhase;
			buildActionMask = 2147483647;
			files = (
				C72BDE5028DAF02500B6FEC8 /* LaunchScreen.storyboard in Resources */,
				C72BDE4D28DAF02500B6FEC8 /* Assets.xcassets in Resources */,
			);
			runOnlyForDeploymentPostprocessing = 0;
		};
		C72BDE5428DAF02500B6FEC8 /* Resources */ = {
			isa = PBXResourcesBuildPhase;
			buildActionMask = 2147483647;
			files = (
			);
			runOnlyForDeploymentPostprocessing = 0;
		};
/* End PBXResourcesBuildPhase section */

/* Begin PBXSourcesBuildPhase section */
		C72BDE3C28DAF02500B6FEC8 /* Sources */ = {
			isa = PBXSourcesBuildPhase;
			buildActionMask = 2147483647;
			files = (
				C7B6EAD829572A1200B5D78F /* LoadResourcePresentationAdapter.swift in Sources */,
				C72BDE4828DAF02500B6FEC8 /* ViewController.swift in Sources */,
				C7F9773728DEF06400C87F62 /* FeedUIComposer.swift in Sources */,
				C7F9773828DEF06400C87F62 /* FeedImageDataLoaderPresentationAdapter.swift in Sources */,
				C7F9773A28DEF06400C87F62 /* FeedViewAdapter.swift in Sources */,
				C72BDE4428DAF02500B6FEC8 /* AppDelegate.swift in Sources */,
				C7B6EAD629571ADE00B5D78F /* CombineHelpers.swift in Sources */,
				C72BDE4628DAF02500B6FEC8 /* SceneDelegate.swift in Sources */,
				C7405E1A28EFEEDB0043CB1C /* CommentsUIComposer.swift in Sources */,
				C7F9773C28DEF06400C87F62 /* WeakRefVirtualProxy.swift in Sources */,
			);
			runOnlyForDeploymentPostprocessing = 0;
		};
		C72BDE5228DAF02500B6FEC8 /* Sources */ = {
			isa = PBXSourcesBuildPhase;
			buildActionMask = 2147483647;
			files = (
				C72BDE8728DB242500B6FEC8 /* SharedTestHelpers.swift in Sources */,
				C7F9774E28DEF08B00C87F62 /* UIButton+TestHelpers.swift in Sources */,
				C7F9774A28DEF08B00C87F62 /* UIImage+TestHelpers.swift in Sources */,
				C7F9774728DEF08B00C87F62 /* UIControl+TestHelpers.swift in Sources */,
				C7F9774928DEF08B00C87F62 /* FeedUIIntegrationTests+Assertions.swift in Sources */,
				C7F9774828DEF08B00C87F62 /* ListViewController+TestHelpers.swift in Sources */,
				C7F9771828DEEE7300C87F62 /* SceneDelegateTests.swift in Sources */,
				C7F9775628DF03C300C87F62 /* InMemoryFeedStore.swift in Sources */,
				C7405E1828EFEE6D0043CB1C /* CommentsUIIntegrationTests.swift in Sources */,
				C7F9774C28DEF08B00C87F62 /* FeedUIIntegrationTests+LoaderSpy.swift in Sources */,
				C7F9775428DF033E00C87F62 /* HTTPClientStub.swift in Sources */,
				C7F9774D28DEF08B00C87F62 /* UIRefreshControl+TestHelpers.swift in Sources */,
				C7A2BFAC28E2DC5F00F3F24E /* UIView+TestHelpers.swift in Sources */,
				C7F9774B28DEF08B00C87F62 /* FeedImageCell+TestHelpers.swift in Sources */,
				C7F9775228DEF40600C87F62 /* FeedAcceptanceTests.swift in Sources */,
				C7F9775028DEF0C400C87F62 /* FeedUIIntegrationTests.swift in Sources */,
				C72BDE8528DB23EF00B6FEC8 /* XCTestCase+MemoryLeakTracking.swift in Sources */,
			);
			runOnlyForDeploymentPostprocessing = 0;
		};
/* End PBXSourcesBuildPhase section */

/* Begin PBXTargetDependency section */
		C72BDE5828DAF02500B6FEC8 /* PBXTargetDependency */ = {
			isa = PBXTargetDependency;
			target = C72BDE3F28DAF02500B6FEC8 /* EssentialApp */;
			targetProxy = C72BDE5728DAF02500B6FEC8 /* PBXContainerItemProxy */;
		};
/* End PBXTargetDependency section */

/* Begin PBXVariantGroup section */
		C72BDE4E28DAF02500B6FEC8 /* LaunchScreen.storyboard */ = {
			isa = PBXVariantGroup;
			children = (
				C72BDE4F28DAF02500B6FEC8 /* Base */,
			);
			name = LaunchScreen.storyboard;
			sourceTree = "<group>";
		};
/* End PBXVariantGroup section */

/* Begin XCBuildConfiguration section */
		C72BDE6828DAF02500B6FEC8 /* Debug */ = {
			isa = XCBuildConfiguration;
			buildSettings = {
				ALWAYS_SEARCH_USER_PATHS = NO;
				CLANG_ANALYZER_NONNULL = YES;
				CLANG_ANALYZER_NUMBER_OBJECT_CONVERSION = YES_AGGRESSIVE;
				CLANG_CXX_LANGUAGE_STANDARD = "gnu++20";
				CLANG_ENABLE_MODULES = YES;
				CLANG_ENABLE_OBJC_ARC = YES;
				CLANG_ENABLE_OBJC_WEAK = YES;
				CLANG_WARN_BLOCK_CAPTURE_AUTORELEASING = YES;
				CLANG_WARN_BOOL_CONVERSION = YES;
				CLANG_WARN_COMMA = YES;
				CLANG_WARN_CONSTANT_CONVERSION = YES;
				CLANG_WARN_DEPRECATED_OBJC_IMPLEMENTATIONS = YES;
				CLANG_WARN_DIRECT_OBJC_ISA_USAGE = YES_ERROR;
				CLANG_WARN_DOCUMENTATION_COMMENTS = YES;
				CLANG_WARN_EMPTY_BODY = YES;
				CLANG_WARN_ENUM_CONVERSION = YES;
				CLANG_WARN_INFINITE_RECURSION = YES;
				CLANG_WARN_INT_CONVERSION = YES;
				CLANG_WARN_NON_LITERAL_NULL_CONVERSION = YES;
				CLANG_WARN_OBJC_IMPLICIT_RETAIN_SELF = YES;
				CLANG_WARN_OBJC_LITERAL_CONVERSION = YES;
				CLANG_WARN_OBJC_ROOT_CLASS = YES_ERROR;
				CLANG_WARN_QUOTED_INCLUDE_IN_FRAMEWORK_HEADER = YES;
				CLANG_WARN_RANGE_LOOP_ANALYSIS = YES;
				CLANG_WARN_STRICT_PROTOTYPES = YES;
				CLANG_WARN_SUSPICIOUS_MOVE = YES;
				CLANG_WARN_UNGUARDED_AVAILABILITY = YES_AGGRESSIVE;
				CLANG_WARN_UNREACHABLE_CODE = YES;
				CLANG_WARN__DUPLICATE_METHOD_MATCH = YES;
				COPY_PHASE_STRIP = NO;
				DEBUG_INFORMATION_FORMAT = dwarf;
				ENABLE_STRICT_OBJC_MSGSEND = YES;
				ENABLE_TESTABILITY = YES;
				GCC_C_LANGUAGE_STANDARD = gnu11;
				GCC_DYNAMIC_NO_PIC = NO;
				GCC_NO_COMMON_BLOCKS = YES;
				GCC_OPTIMIZATION_LEVEL = 0;
				GCC_PREPROCESSOR_DEFINITIONS = (
					"DEBUG=1",
					"$(inherited)",
				);
				GCC_WARN_64_TO_32_BIT_CONVERSION = YES;
				GCC_WARN_ABOUT_RETURN_TYPE = YES_ERROR;
				GCC_WARN_UNDECLARED_SELECTOR = YES;
				GCC_WARN_UNINITIALIZED_AUTOS = YES_AGGRESSIVE;
				GCC_WARN_UNUSED_FUNCTION = YES;
				GCC_WARN_UNUSED_VARIABLE = YES;
				IPHONEOS_DEPLOYMENT_TARGET = 16.0;
				MTL_ENABLE_DEBUG_INFO = INCLUDE_SOURCE;
				MTL_FAST_MATH = YES;
				ONLY_ACTIVE_ARCH = YES;
				SDKROOT = iphoneos;
				SWIFT_ACTIVE_COMPILATION_CONDITIONS = DEBUG;
				SWIFT_OPTIMIZATION_LEVEL = "-Onone";
			};
			name = Debug;
		};
		C72BDE6928DAF02500B6FEC8 /* Release */ = {
			isa = XCBuildConfiguration;
			buildSettings = {
				ALWAYS_SEARCH_USER_PATHS = NO;
				CLANG_ANALYZER_NONNULL = YES;
				CLANG_ANALYZER_NUMBER_OBJECT_CONVERSION = YES_AGGRESSIVE;
				CLANG_CXX_LANGUAGE_STANDARD = "gnu++20";
				CLANG_ENABLE_MODULES = YES;
				CLANG_ENABLE_OBJC_ARC = YES;
				CLANG_ENABLE_OBJC_WEAK = YES;
				CLANG_WARN_BLOCK_CAPTURE_AUTORELEASING = YES;
				CLANG_WARN_BOOL_CONVERSION = YES;
				CLANG_WARN_COMMA = YES;
				CLANG_WARN_CONSTANT_CONVERSION = YES;
				CLANG_WARN_DEPRECATED_OBJC_IMPLEMENTATIONS = YES;
				CLANG_WARN_DIRECT_OBJC_ISA_USAGE = YES_ERROR;
				CLANG_WARN_DOCUMENTATION_COMMENTS = YES;
				CLANG_WARN_EMPTY_BODY = YES;
				CLANG_WARN_ENUM_CONVERSION = YES;
				CLANG_WARN_INFINITE_RECURSION = YES;
				CLANG_WARN_INT_CONVERSION = YES;
				CLANG_WARN_NON_LITERAL_NULL_CONVERSION = YES;
				CLANG_WARN_OBJC_IMPLICIT_RETAIN_SELF = YES;
				CLANG_WARN_OBJC_LITERAL_CONVERSION = YES;
				CLANG_WARN_OBJC_ROOT_CLASS = YES_ERROR;
				CLANG_WARN_QUOTED_INCLUDE_IN_FRAMEWORK_HEADER = YES;
				CLANG_WARN_RANGE_LOOP_ANALYSIS = YES;
				CLANG_WARN_STRICT_PROTOTYPES = YES;
				CLANG_WARN_SUSPICIOUS_MOVE = YES;
				CLANG_WARN_UNGUARDED_AVAILABILITY = YES_AGGRESSIVE;
				CLANG_WARN_UNREACHABLE_CODE = YES;
				CLANG_WARN__DUPLICATE_METHOD_MATCH = YES;
				COPY_PHASE_STRIP = NO;
				DEBUG_INFORMATION_FORMAT = "dwarf-with-dsym";
				ENABLE_NS_ASSERTIONS = NO;
				ENABLE_STRICT_OBJC_MSGSEND = YES;
				GCC_C_LANGUAGE_STANDARD = gnu11;
				GCC_NO_COMMON_BLOCKS = YES;
				GCC_WARN_64_TO_32_BIT_CONVERSION = YES;
				GCC_WARN_ABOUT_RETURN_TYPE = YES_ERROR;
				GCC_WARN_UNDECLARED_SELECTOR = YES;
				GCC_WARN_UNINITIALIZED_AUTOS = YES_AGGRESSIVE;
				GCC_WARN_UNUSED_FUNCTION = YES;
				GCC_WARN_UNUSED_VARIABLE = YES;
				IPHONEOS_DEPLOYMENT_TARGET = 16.0;
				MTL_ENABLE_DEBUG_INFO = NO;
				MTL_FAST_MATH = YES;
				SDKROOT = iphoneos;
				SWIFT_COMPILATION_MODE = wholemodule;
				SWIFT_OPTIMIZATION_LEVEL = "-O";
				VALIDATE_PRODUCT = YES;
			};
			name = Release;
		};
		C72BDE6B28DAF02500B6FEC8 /* Debug */ = {
			isa = XCBuildConfiguration;
			buildSettings = {
				ASSETCATALOG_COMPILER_APPICON_NAME = AppIcon;
				ASSETCATALOG_COMPILER_GLOBAL_ACCENT_COLOR_NAME = AccentColor;
				CODE_SIGN_STYLE = Automatic;
				CURRENT_PROJECT_VERSION = 1;
				DEVELOPMENT_TEAM = N6JXNCSA5P;
				GENERATE_INFOPLIST_FILE = YES;
				INFOPLIST_FILE = EssentialApp/Info.plist;
				INFOPLIST_KEY_UIApplicationSupportsIndirectInputEvents = YES;
				INFOPLIST_KEY_UILaunchStoryboardName = LaunchScreen;
				INFOPLIST_KEY_UISupportedInterfaceOrientations = UIInterfaceOrientationPortrait;
				INFOPLIST_KEY_UISupportedInterfaceOrientations_iPad = "UIInterfaceOrientationPortrait UIInterfaceOrientationPortraitUpsideDown";
				LD_RUNPATH_SEARCH_PATHS = (
					"$(inherited)",
					"@executable_path/Frameworks",
				);
				MARKETING_VERSION = 1.0;
				PRODUCT_BUNDLE_IDENTIFIER = lt.klimovas.EssentialApp;
				PRODUCT_NAME = "$(TARGET_NAME)";
				SWIFT_EMIT_LOC_STRINGS = YES;
				SWIFT_VERSION = 5.0;
				TARGETED_DEVICE_FAMILY = "1,2";
			};
			name = Debug;
		};
		C72BDE6C28DAF02500B6FEC8 /* Release */ = {
			isa = XCBuildConfiguration;
			buildSettings = {
				ASSETCATALOG_COMPILER_APPICON_NAME = AppIcon;
				ASSETCATALOG_COMPILER_GLOBAL_ACCENT_COLOR_NAME = AccentColor;
				CODE_SIGN_STYLE = Automatic;
				CURRENT_PROJECT_VERSION = 1;
				DEVELOPMENT_TEAM = N6JXNCSA5P;
				GENERATE_INFOPLIST_FILE = YES;
				INFOPLIST_FILE = EssentialApp/Info.plist;
				INFOPLIST_KEY_UIApplicationSupportsIndirectInputEvents = YES;
				INFOPLIST_KEY_UILaunchStoryboardName = LaunchScreen;
				INFOPLIST_KEY_UISupportedInterfaceOrientations = UIInterfaceOrientationPortrait;
				INFOPLIST_KEY_UISupportedInterfaceOrientations_iPad = "UIInterfaceOrientationPortrait UIInterfaceOrientationPortraitUpsideDown";
				LD_RUNPATH_SEARCH_PATHS = (
					"$(inherited)",
					"@executable_path/Frameworks",
				);
				MARKETING_VERSION = 1.0;
				PRODUCT_BUNDLE_IDENTIFIER = lt.klimovas.EssentialApp;
				PRODUCT_NAME = "$(TARGET_NAME)";
				SWIFT_EMIT_LOC_STRINGS = YES;
				SWIFT_VERSION = 5.0;
				TARGETED_DEVICE_FAMILY = "1,2";
			};
			name = Release;
		};
		C72BDE6E28DAF02500B6FEC8 /* Debug */ = {
			isa = XCBuildConfiguration;
			buildSettings = {
				ALWAYS_EMBED_SWIFT_STANDARD_LIBRARIES = YES;
				BUNDLE_LOADER = "$(TEST_HOST)";
				CLANG_ENABLE_MODULES = YES;
				CODE_SIGN_STYLE = Automatic;
				CURRENT_PROJECT_VERSION = 1;
				DEVELOPMENT_TEAM = N6JXNCSA5P;
				GENERATE_INFOPLIST_FILE = YES;
				IPHONEOS_DEPLOYMENT_TARGET = 16.0;
				LD_RUNPATH_SEARCH_PATHS = (
					"$(inherited)",
					"@executable_path/Frameworks",
					"@loader_path/Frameworks",
				);
				MARKETING_VERSION = 1.0;
				PRODUCT_BUNDLE_IDENTIFIER = lt.klimovas.EssentialAppTests;
				PRODUCT_NAME = "$(TARGET_NAME)";
				SWIFT_EMIT_LOC_STRINGS = NO;
				SWIFT_OPTIMIZATION_LEVEL = "-Onone";
				SWIFT_VERSION = 5.0;
				TARGETED_DEVICE_FAMILY = "1,2";
				TEST_HOST = "$(BUILT_PRODUCTS_DIR)/EssentialApp.app/$(BUNDLE_EXECUTABLE_FOLDER_PATH)/EssentialApp";
			};
			name = Debug;
		};
		C72BDE6F28DAF02500B6FEC8 /* Release */ = {
			isa = XCBuildConfiguration;
			buildSettings = {
				ALWAYS_EMBED_SWIFT_STANDARD_LIBRARIES = YES;
				BUNDLE_LOADER = "$(TEST_HOST)";
				CLANG_ENABLE_MODULES = YES;
				CODE_SIGN_STYLE = Automatic;
				CURRENT_PROJECT_VERSION = 1;
				DEVELOPMENT_TEAM = N6JXNCSA5P;
				GENERATE_INFOPLIST_FILE = YES;
				IPHONEOS_DEPLOYMENT_TARGET = 16.0;
				LD_RUNPATH_SEARCH_PATHS = (
					"$(inherited)",
					"@executable_path/Frameworks",
					"@loader_path/Frameworks",
				);
				MARKETING_VERSION = 1.0;
				PRODUCT_BUNDLE_IDENTIFIER = lt.klimovas.EssentialAppTests;
				PRODUCT_NAME = "$(TARGET_NAME)";
				SWIFT_EMIT_LOC_STRINGS = NO;
				SWIFT_VERSION = 5.0;
				TARGETED_DEVICE_FAMILY = "1,2";
				TEST_HOST = "$(BUILT_PRODUCTS_DIR)/EssentialApp.app/$(BUNDLE_EXECUTABLE_FOLDER_PATH)/EssentialApp";
			};
			name = Release;
		};
/* End XCBuildConfiguration section */

/* Begin XCConfigurationList section */
		C72BDE3B28DAF02400B6FEC8 /* Build configuration list for PBXProject "EssentialApp" */ = {
			isa = XCConfigurationList;
			buildConfigurations = (
				C72BDE6828DAF02500B6FEC8 /* Debug */,
				C72BDE6928DAF02500B6FEC8 /* Release */,
			);
			defaultConfigurationIsVisible = 0;
			defaultConfigurationName = Release;
		};
		C72BDE6A28DAF02500B6FEC8 /* Build configuration list for PBXNativeTarget "EssentialApp" */ = {
			isa = XCConfigurationList;
			buildConfigurations = (
				C72BDE6B28DAF02500B6FEC8 /* Debug */,
				C72BDE6C28DAF02500B6FEC8 /* Release */,
			);
			defaultConfigurationIsVisible = 0;
			defaultConfigurationName = Release;
		};
		C72BDE6D28DAF02500B6FEC8 /* Build configuration list for PBXNativeTarget "EssentialAppTests" */ = {
			isa = XCConfigurationList;
			buildConfigurations = (
				C72BDE6E28DAF02500B6FEC8 /* Debug */,
				C72BDE6F28DAF02500B6FEC8 /* Release */,
			);
			defaultConfigurationIsVisible = 0;
			defaultConfigurationName = Release;
		};
/* End XCConfigurationList section */
	};
	rootObject = C72BDE3828DAF02400B6FEC8 /* Project object */;
}
